
Microsoft Visual Studio Solution File, Format Version 11.00
# Visual Studio 2010
Project("{FAE04EC0-301F-11D3-BF4B-00C04F79EFBC}") = "Easypay_Wrapper", "Easypay_Wrapper\Easypay_Wrapper.csproj", "{10A84856-FFAD-4000-A421-EE15FEAA1516}"
EndProject
Global
	GlobalSection(SolutionConfigurationPlatforms) = preSolution
		Debug|Any CPU = Debug|Any CPU
		Release|Any CPU = Release|Any CPU
	EndGlobalSection
	GlobalSection(ProjectConfigurationPlatforms) = postSolution
		{10A84856-FFAD-4000-A421-EE15FEAA1516}.Debug|Any CPU.ActiveCfg = Debug|Any CPU
		{10A84856-FFAD-4000-A421-EE15FEAA1516}.Debug|Any CPU.Build.0 = Debug|Any CPU
		{10A84856-FFAD-4000-A421-EE15FEAA1516}.Release|Any CPU.ActiveCfg = Release|Any CPU
		{10A84856-FFAD-4000-A421-EE15FEAA1516}.Release|Any CPU.Build.0 = Release|Any CPU
	EndGlobalSection
	GlobalSection(MonoDevelopProperties) = preSolution
		StartupItem = Easypay_Wrapper\Easypay_Wrapper.csproj
	EndGlobalSection
EndGlobal
